// !$*UTF8*$!
{
	archiveVersion = 1;
	classes = {
	};
	objectVersion = 50;
	objects = {

/* Begin PBXBuildFile section */
		C2B6FEB722E668B10085D7A3 /* AppDelegate.swift in Sources */ = {isa = PBXBuildFile; fileRef = C2B6FEB622E668B10085D7A3 /* AppDelegate.swift */; };
		C2B6FEBC22E668B10085D7A3 /* Main.storyboard in Resources */ = {isa = PBXBuildFile; fileRef = C2B6FEBA22E668B10085D7A3 /* Main.storyboard */; };
		C2B6FEBE22E668B20085D7A3 /* Assets.xcassets in Resources */ = {isa = PBXBuildFile; fileRef = C2B6FEBD22E668B20085D7A3 /* Assets.xcassets */; };
		C2B6FEC122E668B20085D7A3 /* LaunchScreen.storyboard in Resources */ = {isa = PBXBuildFile; fileRef = C2B6FEBF22E668B20085D7A3 /* LaunchScreen.storyboard */; };
		C2B6FECC22E668B30085D7A3 /* MultipleStoryboardsTests.swift in Sources */ = {isa = PBXBuildFile; fileRef = C2B6FECB22E668B30085D7A3 /* MultipleStoryboardsTests.swift */; };
		C2B6FED722E668B30085D7A3 /* MultipleStoryboardsUITests.swift in Sources */ = {isa = PBXBuildFile; fileRef = C2B6FED622E668B30085D7A3 /* MultipleStoryboardsUITests.swift */; };
		C2B6FEE822E668E70085D7A3 /* HomePageViewController.swift in Sources */ = {isa = PBXBuildFile; fileRef = C2B6FEE722E668E70085D7A3 /* HomePageViewController.swift */; };
		C2B6FEEC22E672340085D7A3 /* HelloWorld.storyboard in Resources */ = {isa = PBXBuildFile; fileRef = C2B6FEEB22E672340085D7A3 /* HelloWorld.storyboard */; };
		C2B6FEEE22E6725C0085D7A3 /* HelloWorldViewController.swift in Sources */ = {isa = PBXBuildFile; fileRef = C2B6FEED22E6725C0085D7A3 /* HelloWorldViewController.swift */; };
		C2B6FEF022E67EBD0085D7A3 /* MainViewController.swift in Sources */ = {isa = PBXBuildFile; fileRef = C2B6FEEF22E67EBD0085D7A3 /* MainViewController.swift */; };
		C2B6FEF722E681A00085D7A3 /* HomePage.storyboard in Resources */ = {isa = PBXBuildFile; fileRef = C2B6FEF622E681A00085D7A3 /* HomePage.storyboard */; };
/* End PBXBuildFile section */

/* Begin PBXContainerItemProxy section */
		C2B6FEC822E668B30085D7A3 /* PBXContainerItemProxy */ = {
			isa = PBXContainerItemProxy;
			containerPortal = C2B6FEAB22E668B10085D7A3 /* Project object */;
			proxyType = 1;
			remoteGlobalIDString = C2B6FEB222E668B10085D7A3;
			remoteInfo = MultipleStoryboards;
		};
		C2B6FED322E668B30085D7A3 /* PBXContainerItemProxy */ = {
			isa = PBXContainerItemProxy;
			containerPortal = C2B6FEAB22E668B10085D7A3 /* Project object */;
			proxyType = 1;
			remoteGlobalIDString = C2B6FEB222E668B10085D7A3;
			remoteInfo = MultipleStoryboards;
		};
/* End PBXContainerItemProxy section */

/* Begin PBXFileReference section */
		C2B6FEB322E668B10085D7A3 /* MultipleStoryboards.app */ = {isa = PBXFileReference; explicitFileType = wrapper.application; includeInIndex = 0; path = MultipleStoryboards.app; sourceTree = BUILT_PRODUCTS_DIR; };
		C2B6FEB622E668B10085D7A3 /* AppDelegate.swift */ = {isa = PBXFileReference; lastKnownFileType = sourcecode.swift; path = AppDelegate.swift; sourceTree = "<group>"; };
		C2B6FEBB22E668B10085D7A3 /* Base */ = {isa = PBXFileReference; lastKnownFileType = file.storyboard; name = Base; path = Base.lproj/Main.storyboard; sourceTree = "<group>"; };
		C2B6FEBD22E668B20085D7A3 /* Assets.xcassets */ = {isa = PBXFileReference; lastKnownFileType = folder.assetcatalog; path = Assets.xcassets; sourceTree = "<group>"; };
		C2B6FEC022E668B20085D7A3 /* Base */ = {isa = PBXFileReference; lastKnownFileType = file.storyboard; name = Base; path = Base.lproj/LaunchScreen.storyboard; sourceTree = "<group>"; };
		C2B6FEC222E668B20085D7A3 /* Info.plist */ = {isa = PBXFileReference; lastKnownFileType = text.plist.xml; path = Info.plist; sourceTree = "<group>"; };
		C2B6FEC722E668B20085D7A3 /* MultipleStoryboardsTests.xctest */ = {isa = PBXFileReference; explicitFileType = wrapper.cfbundle; includeInIndex = 0; path = MultipleStoryboardsTests.xctest; sourceTree = BUILT_PRODUCTS_DIR; };
		C2B6FECB22E668B30085D7A3 /* MultipleStoryboardsTests.swift */ = {isa = PBXFileReference; lastKnownFileType = sourcecode.swift; path = MultipleStoryboardsTests.swift; sourceTree = "<group>"; };
		C2B6FECD22E668B30085D7A3 /* Info.plist */ = {isa = PBXFileReference; lastKnownFileType = text.plist.xml; path = Info.plist; sourceTree = "<group>"; };
		C2B6FED222E668B30085D7A3 /* MultipleStoryboardsUITests.xctest */ = {isa = PBXFileReference; explicitFileType = wrapper.cfbundle; includeInIndex = 0; path = MultipleStoryboardsUITests.xctest; sourceTree = BUILT_PRODUCTS_DIR; };
		C2B6FED622E668B30085D7A3 /* MultipleStoryboardsUITests.swift */ = {isa = PBXFileReference; lastKnownFileType = sourcecode.swift; path = MultipleStoryboardsUITests.swift; sourceTree = "<group>"; };
		C2B6FED822E668B30085D7A3 /* Info.plist */ = {isa = PBXFileReference; lastKnownFileType = text.plist.xml; path = Info.plist; sourceTree = "<group>"; };
		C2B6FEE722E668E70085D7A3 /* HomePageViewController.swift */ = {isa = PBXFileReference; lastKnownFileType = sourcecode.swift; path = HomePageViewController.swift; sourceTree = "<group>"; };
		C2B6FEEB22E672340085D7A3 /* HelloWorld.storyboard */ = {isa = PBXFileReference; lastKnownFileType = file.storyboard; path = HelloWorld.storyboard; sourceTree = "<group>"; };
		C2B6FEED22E6725C0085D7A3 /* HelloWorldViewController.swift */ = {isa = PBXFileReference; lastKnownFileType = sourcecode.swift; path = HelloWorldViewController.swift; sourceTree = "<group>"; };
		C2B6FEEF22E67EBD0085D7A3 /* MainViewController.swift */ = {isa = PBXFileReference; lastKnownFileType = sourcecode.swift; path = MainViewController.swift; sourceTree = "<group>"; };
		C2B6FEF622E681A00085D7A3 /* HomePage.storyboard */ = {isa = PBXFileReference; lastKnownFileType = file.storyboard; path = HomePage.storyboard; sourceTree = "<group>"; };
/* End PBXFileReference section */

/* Begin PBXFrameworksBuildPhase section */
		C2B6FEB022E668B10085D7A3 /* Frameworks */ = {
			isa = PBXFrameworksBuildPhase;
			buildActionMask = 2147483647;
			files = (
			);
			runOnlyForDeploymentPostprocessing = 0;
		};
		C2B6FEC422E668B20085D7A3 /* Frameworks */ = {
			isa = PBXFrameworksBuildPhase;
			buildActionMask = 2147483647;
			files = (
			);
			runOnlyForDeploymentPostprocessing = 0;
		};
		C2B6FECF22E668B30085D7A3 /* Frameworks */ = {
			isa = PBXFrameworksBuildPhase;
			buildActionMask = 2147483647;
			files = (
			);
			runOnlyForDeploymentPostprocessing = 0;
		};
/* End PBXFrameworksBuildPhase section */

/* Begin PBXGroup section */
		C2B6FEAA22E668B10085D7A3 = {
			isa = PBXGroup;
			children = (
				C2B6FEB522E668B10085D7A3 /* MultipleStoryboards */,
				C2B6FECA22E668B30085D7A3 /* MultipleStoryboardsTests */,
				C2B6FED522E668B30085D7A3 /* MultipleStoryboardsUITests */,
				C2B6FEB422E668B10085D7A3 /* Products */,
			);
			sourceTree = "<group>";
		};
		C2B6FEB422E668B10085D7A3 /* Products */ = {
			isa = PBXGroup;
			children = (
				C2B6FEB322E668B10085D7A3 /* MultipleStoryboards.app */,
				C2B6FEC722E668B20085D7A3 /* MultipleStoryboardsTests.xctest */,
				C2B6FED222E668B30085D7A3 /* MultipleStoryboardsUITests.xctest */,
			);
			name = Products;
			sourceTree = "<group>";
		};
		C2B6FEB522E668B10085D7A3 /* MultipleStoryboards */ = {
			isa = PBXGroup;
			children = (
				C2B6FEEA22E6722A0085D7A3 /* New Group */,
				C2B6FEE922E669130085D7A3 /* Main */,
				C2B6FEE422E668BD0085D7A3 /* HomePage */,
				C2B6FEB622E668B10085D7A3 /* AppDelegate.swift */,
				C2B6FEBD22E668B20085D7A3 /* Assets.xcassets */,
				C2B6FEBF22E668B20085D7A3 /* LaunchScreen.storyboard */,
				C2B6FEC222E668B20085D7A3 /* Info.plist */,
			);
			path = MultipleStoryboards;
			sourceTree = "<group>";
		};
		C2B6FECA22E668B30085D7A3 /* MultipleStoryboardsTests */ = {
			isa = PBXGroup;
			children = (
				C2B6FECB22E668B30085D7A3 /* MultipleStoryboardsTests.swift */,
				C2B6FECD22E668B30085D7A3 /* Info.plist */,
			);
			path = MultipleStoryboardsTests;
			sourceTree = "<group>";
		};
		C2B6FED522E668B30085D7A3 /* MultipleStoryboardsUITests */ = {
			isa = PBXGroup;
			children = (
				C2B6FED622E668B30085D7A3 /* MultipleStoryboardsUITests.swift */,
				C2B6FED822E668B30085D7A3 /* Info.plist */,
			);
			path = MultipleStoryboardsUITests;
			sourceTree = "<group>";
		};
		C2B6FEE422E668BD0085D7A3 /* HomePage */ = {
			isa = PBXGroup;
			children = (
				C2B6FEE722E668E70085D7A3 /* HomePageViewController.swift */,
				C2B6FEF622E681A00085D7A3 /* HomePage.storyboard */,
			);
			path = HomePage;
			sourceTree = "<group>";
		};
		C2B6FEE922E669130085D7A3 /* Main */ = {
			isa = PBXGroup;
			children = (
				C2B6FEBA22E668B10085D7A3 /* Main.storyboard */,
				C2B6FEEF22E67EBD0085D7A3 /* MainViewController.swift */,
			);
			path = Main;
			sourceTree = "<group>";
		};
		C2B6FEEA22E6722A0085D7A3 /* New Group */ = {
			isa = PBXGroup;
			children = (
				C2B6FEEB22E672340085D7A3 /* HelloWorld.storyboard */,
				C2B6FEED22E6725C0085D7A3 /* HelloWorldViewController.swift */,
			);
			path = "New Group";
			sourceTree = "<group>";
		};
/* End PBXGroup section */

/* Begin PBXNativeTarget section */
		C2B6FEB222E668B10085D7A3 /* MultipleStoryboards */ = {
			isa = PBXNativeTarget;
			buildConfigurationList = C2B6FEDB22E668B30085D7A3 /* Build configuration list for PBXNativeTarget "MultipleStoryboards" */;
			buildPhases = (
				C2B6FEAF22E668B10085D7A3 /* Sources */,
				C2B6FEB022E668B10085D7A3 /* Frameworks */,
				C2B6FEB122E668B10085D7A3 /* Resources */,
			);
			buildRules = (
			);
			dependencies = (
			);
			name = MultipleStoryboards;
			productName = MultipleStoryboards;
			productReference = C2B6FEB322E668B10085D7A3 /* MultipleStoryboards.app */;
			productType = "com.apple.product-type.application";
		};
		C2B6FEC622E668B20085D7A3 /* MultipleStoryboardsTests */ = {
			isa = PBXNativeTarget;
			buildConfigurationList = C2B6FEDE22E668B30085D7A3 /* Build configuration list for PBXNativeTarget "MultipleStoryboardsTests" */;
			buildPhases = (
				C2B6FEC322E668B20085D7A3 /* Sources */,
				C2B6FEC422E668B20085D7A3 /* Frameworks */,
				C2B6FEC522E668B20085D7A3 /* Resources */,
			);
			buildRules = (
			);
			dependencies = (
				C2B6FEC922E668B30085D7A3 /* PBXTargetDependency */,
			);
			name = MultipleStoryboardsTests;
			productName = MultipleStoryboardsTests;
			productReference = C2B6FEC722E668B20085D7A3 /* MultipleStoryboardsTests.xctest */;
			productType = "com.apple.product-type.bundle.unit-test";
		};
		C2B6FED122E668B30085D7A3 /* MultipleStoryboardsUITests */ = {
			isa = PBXNativeTarget;
			buildConfigurationList = C2B6FEE122E668B30085D7A3 /* Build configuration list for PBXNativeTarget "MultipleStoryboardsUITests" */;
			buildPhases = (
				C2B6FECE22E668B30085D7A3 /* Sources */,
				C2B6FECF22E668B30085D7A3 /* Frameworks */,
				C2B6FED022E668B30085D7A3 /* Resources */,
			);
			buildRules = (
			);
			dependencies = (
				C2B6FED422E668B30085D7A3 /* PBXTargetDependency */,
			);
			name = MultipleStoryboardsUITests;
			productName = MultipleStoryboardsUITests;
			productReference = C2B6FED222E668B30085D7A3 /* MultipleStoryboardsUITests.xctest */;
			productType = "com.apple.product-type.bundle.ui-testing";
		};
/* End PBXNativeTarget section */

/* Begin PBXProject section */
		C2B6FEAB22E668B10085D7A3 /* Project object */ = {
			isa = PBXProject;
			attributes = {
				LastSwiftUpdateCheck = 1020;
				LastUpgradeCheck = 1020;
				ORGANIZATIONNAME = "Renee Shull";
				TargetAttributes = {
					C2B6FEB222E668B10085D7A3 = {
						CreatedOnToolsVersion = 10.2.1;
					};
					C2B6FEC622E668B20085D7A3 = {
						CreatedOnToolsVersion = 10.2.1;
						TestTargetID = C2B6FEB222E668B10085D7A3;
					};
					C2B6FED122E668B30085D7A3 = {
						CreatedOnToolsVersion = 10.2.1;
						TestTargetID = C2B6FEB222E668B10085D7A3;
					};
				};
			};
			buildConfigurationList = C2B6FEAE22E668B10085D7A3 /* Build configuration list for PBXProject "MultipleStoryboards" */;
			compatibilityVersion = "Xcode 9.3";
			developmentRegion = en;
			hasScannedForEncodings = 0;
			knownRegions = (
				en,
				Base,
			);
			mainGroup = C2B6FEAA22E668B10085D7A3;
			productRefGroup = C2B6FEB422E668B10085D7A3 /* Products */;
			projectDirPath = "";
			projectRoot = "";
			targets = (
				C2B6FEB222E668B10085D7A3 /* MultipleStoryboards */,
				C2B6FEC622E668B20085D7A3 /* MultipleStoryboardsTests */,
				C2B6FED122E668B30085D7A3 /* MultipleStoryboardsUITests */,
			);
		};
/* End PBXProject section */

/* Begin PBXResourcesBuildPhase section */
		C2B6FEB122E668B10085D7A3 /* Resources */ = {
			isa = PBXResourcesBuildPhase;
			buildActionMask = 2147483647;
			files = (
				C2B6FEF722E681A00085D7A3 /* HomePage.storyboard in Resources */,
				C2B6FEC122E668B20085D7A3 /* LaunchScreen.storyboard in Resources */,
				C2B6FEBE22E668B20085D7A3 /* Assets.xcassets in Resources */,
				C2B6FEBC22E668B10085D7A3 /* Main.storyboard in Resources */,
				C2B6FEEC22E672340085D7A3 /* HelloWorld.storyboard in Resources */,
			);
			runOnlyForDeploymentPostprocessing = 0;
		};
		C2B6FEC522E668B20085D7A3 /* Resources */ = {
			isa = PBXResourcesBuildPhase;
			buildActionMask = 2147483647;
			files = (
			);
			runOnlyForDeploymentPostprocessing = 0;
		};
		C2B6FED022E668B30085D7A3 /* Resources */ = {
			isa = PBXResourcesBuildPhase;
			buildActionMask = 2147483647;
			files = (
			);
			runOnlyForDeploymentPostprocessing = 0;
		};
/* End PBXResourcesBuildPhase section */

/* Begin PBXSourcesBuildPhase section */
		C2B6FEAF22E668B10085D7A3 /* Sources */ = {
			isa = PBXSourcesBuildPhase;
			buildActionMask = 2147483647;
			files = (
				C2B6FEB722E668B10085D7A3 /* AppDelegate.swift in Sources */,
				C2B6FEE822E668E70085D7A3 /* HomePageViewController.swift in Sources */,
				C2B6FEEE22E6725C0085D7A3 /* HelloWorldViewController.swift in Sources */,
				C2B6FEF022E67EBD0085D7A3 /* MainViewController.swift in Sources */,
			);
			runOnlyForDeploymentPostprocessing = 0;
		};
		C2B6FEC322E668B20085D7A3 /* Sources */ = {
			isa = PBXSourcesBuildPhase;
			buildActionMask = 2147483647;
			files = (
				C2B6FECC22E668B30085D7A3 /* MultipleStoryboardsTests.swift in Sources */,
			);
			runOnlyForDeploymentPostprocessing = 0;
		};
		C2B6FECE22E668B30085D7A3 /* Sources */ = {
			isa = PBXSourcesBuildPhase;
			buildActionMask = 2147483647;
			files = (
				C2B6FED722E668B30085D7A3 /* MultipleStoryboardsUITests.swift in Sources */,
			);
			runOnlyForDeploymentPostprocessing = 0;
		};
/* End PBXSourcesBuildPhase section */

/* Begin PBXTargetDependency section */
		C2B6FEC922E668B30085D7A3 /* PBXTargetDependency */ = {
			isa = PBXTargetDependency;
			target = C2B6FEB222E668B10085D7A3 /* MultipleStoryboards */;
			targetProxy = C2B6FEC822E668B30085D7A3 /* PBXContainerItemProxy */;
		};
		C2B6FED422E668B30085D7A3 /* PBXTargetDependency */ = {
			isa = PBXTargetDependency;
			target = C2B6FEB222E668B10085D7A3 /* MultipleStoryboards */;
			targetProxy = C2B6FED322E668B30085D7A3 /* PBXContainerItemProxy */;
		};
/* End PBXTargetDependency section */

/* Begin PBXVariantGroup section */
		C2B6FEBA22E668B10085D7A3 /* Main.storyboard */ = {
			isa = PBXVariantGroup;
			children = (
				C2B6FEBB22E668B10085D7A3 /* Base */,
			);
			name = Main.storyboard;
			sourceTree = "<group>";
		};
		C2B6FEBF22E668B20085D7A3 /* LaunchScreen.storyboard */ = {
			isa = PBXVariantGroup;
			children = (
				C2B6FEC022E668B20085D7A3 /* Base */,
			);
			name = LaunchScreen.storyboard;
			sourceTree = "<group>";
		};
/* End PBXVariantGroup section */

/* Begin XCBuildConfiguration section */
		C2B6FED922E668B30085D7A3 /* Debug */ = {
			isa = XCBuildConfiguration;
			buildSettings = {
				ALWAYS_SEARCH_USER_PATHS = NO;
				CLANG_ANALYZER_NONNULL = YES;
				CLANG_ANALYZER_NUMBER_OBJECT_CONVERSION = YES_AGGRESSIVE;
				CLANG_CXX_LANGUAGE_STANDARD = "gnu++14";
				CLANG_CXX_LIBRARY = "libc++";
				CLANG_ENABLE_MODULES = YES;
				CLANG_ENABLE_OBJC_ARC = YES;
				CLANG_ENABLE_OBJC_WEAK = YES;
				CLANG_WARN_BLOCK_CAPTURE_AUTORELEASING = YES;
				CLANG_WARN_BOOL_CONVERSION = YES;
				CLANG_WARN_COMMA = YES;
				CLANG_WARN_CONSTANT_CONVERSION = YES;
				CLANG_WARN_DEPRECATED_OBJC_IMPLEMENTATIONS = YES;
				CLANG_WARN_DIRECT_OBJC_ISA_USAGE = YES_ERROR;
				CLANG_WARN_DOCUMENTATION_COMMENTS = YES;
				CLANG_WARN_EMPTY_BODY = YES;
				CLANG_WARN_ENUM_CONVERSION = YES;
				CLANG_WARN_INFINITE_RECURSION = YES;
				CLANG_WARN_INT_CONVERSION = YES;
				CLANG_WARN_NON_LITERAL_NULL_CONVERSION = YES;
				CLANG_WARN_OBJC_IMPLICIT_RETAIN_SELF = YES;
				CLANG_WARN_OBJC_LITERAL_CONVERSION = YES;
				CLANG_WARN_OBJC_ROOT_CLASS = YES_ERROR;
				CLANG_WARN_RANGE_LOOP_ANALYSIS = YES;
				CLANG_WARN_STRICT_PROTOTYPES = YES;
				CLANG_WARN_SUSPICIOUS_MOVE = YES;
				CLANG_WARN_UNGUARDED_AVAILABILITY = YES_AGGRESSIVE;
				CLANG_WARN_UNREACHABLE_CODE = YES;
				CLANG_WARN__DUPLICATE_METHOD_MATCH = YES;
				CODE_SIGN_IDENTITY = "iPhone Developer";
				COPY_PHASE_STRIP = NO;
				DEBUG_INFORMATION_FORMAT = dwarf;
				ENABLE_STRICT_OBJC_MSGSEND = YES;
				ENABLE_TESTABILITY = YES;
				GCC_C_LANGUAGE_STANDARD = gnu11;
				GCC_DYNAMIC_NO_PIC = NO;
				GCC_NO_COMMON_BLOCKS = YES;
				GCC_OPTIMIZATION_LEVEL = 0;
				GCC_PREPROCESSOR_DEFINITIONS = (
					"DEBUG=1",
					"$(inherited)",
				);
				GCC_WARN_64_TO_32_BIT_CONVERSION = YES;
				GCC_WARN_ABOUT_RETURN_TYPE = YES_ERROR;
				GCC_WARN_UNDECLARED_SELECTOR = YES;
				GCC_WARN_UNINITIALIZED_AUTOS = YES_AGGRESSIVE;
				GCC_WARN_UNUSED_FUNCTION = YES;
				GCC_WARN_UNUSED_VARIABLE = YES;
				IPHONEOS_DEPLOYMENT_TARGET = 12.2;
				MTL_ENABLE_DEBUG_INFO = INCLUDE_SOURCE;
				MTL_FAST_MATH = YES;
				ONLY_ACTIVE_ARCH = YES;
				SDKROOT = iphoneos;
				SWIFT_ACTIVE_COMPILATION_CONDITIONS = DEBUG;
				SWIFT_OPTIMIZATION_LEVEL = "-Onone";
			};
			name = Debug;
		};
		C2B6FEDA22E668B30085D7A3 /* Release */ = {
			isa = XCBuildConfiguration;
			buildSettings = {
				ALWAYS_SEARCH_USER_PATHS = NO;
				CLANG_ANALYZER_NONNULL = YES;
				CLANG_ANALYZER_NUMBER_OBJECT_CONVERSION = YES_AGGRESSIVE;
				CLANG_CXX_LANGUAGE_STANDARD = "gnu++14";
				CLANG_CXX_LIBRARY = "libc++";
				CLANG_ENABLE_MODULES = YES;
				CLANG_ENABLE_OBJC_ARC = YES;
				CLANG_ENABLE_OBJC_WEAK = YES;
				CLANG_WARN_BLOCK_CAPTURE_AUTORELEASING = YES;
				CLANG_WARN_BOOL_CONVERSION = YES;
				CLANG_WARN_COMMA = YES;
				CLANG_WARN_CONSTANT_CONVERSION = YES;
				CLANG_WARN_DEPRECATED_OBJC_IMPLEMENTATIONS = YES;
				CLANG_WARN_DIRECT_OBJC_ISA_USAGE = YES_ERROR;
				CLANG_WARN_DOCUMENTATION_COMMENTS = YES;
				CLANG_WARN_EMPTY_BODY = YES;
				CLANG_WARN_ENUM_CONVERSION = YES;
				CLANG_WARN_INFINITE_RECURSION = YES;
				CLANG_WARN_INT_CONVERSION = YES;
				CLANG_WARN_NON_LITERAL_NULL_CONVERSION = YES;
				CLANG_WARN_OBJC_IMPLICIT_RETAIN_SELF = YES;
				CLANG_WARN_OBJC_LITERAL_CONVERSION = YES;
				CLANG_WARN_OBJC_ROOT_CLASS = YES_ERROR;
				CLANG_WARN_RANGE_LOOP_ANALYSIS = YES;
				CLANG_WARN_STRICT_PROTOTYPES = YES;
				CLANG_WARN_SUSPICIOUS_MOVE = YES;
				CLANG_WARN_UNGUARDED_AVAILABILITY = YES_AGGRESSIVE;
				CLANG_WARN_UNREACHABLE_CODE = YES;
				CLANG_WARN__DUPLICATE_METHOD_MATCH = YES;
				CODE_SIGN_IDENTITY = "iPhone Developer";
				COPY_PHASE_STRIP = NO;
				DEBUG_INFORMATION_FORMAT = "dwarf-with-dsym";
				ENABLE_NS_ASSERTIONS = NO;
				ENABLE_STRICT_OBJC_MSGSEND = YES;
				GCC_C_LANGUAGE_STANDARD = gnu11;
				GCC_NO_COMMON_BLOCKS = YES;
				GCC_WARN_64_TO_32_BIT_CONVERSION = YES;
				GCC_WARN_ABOUT_RETURN_TYPE = YES_ERROR;
				GCC_WARN_UNDECLARED_SELECTOR = YES;
				GCC_WARN_UNINITIALIZED_AUTOS = YES_AGGRESSIVE;
				GCC_WARN_UNUSED_FUNCTION = YES;
				GCC_WARN_UNUSED_VARIABLE = YES;
				IPHONEOS_DEPLOYMENT_TARGET = 12.2;
				MTL_ENABLE_DEBUG_INFO = NO;
				MTL_FAST_MATH = YES;
				SDKROOT = iphoneos;
				SWIFT_COMPILATION_MODE = wholemodule;
				SWIFT_OPTIMIZATION_LEVEL = "-O";
				VALIDATE_PRODUCT = YES;
			};
			name = Release;
		};
		C2B6FEDC22E668B30085D7A3 /* Debug */ = {
			isa = XCBuildConfiguration;
			buildSettings = {
				ASSETCATALOG_COMPILER_APPICON_NAME = AppIcon;
				CODE_SIGN_STYLE = Automatic;
				DEVELOPMENT_TEAM = 9NWR9C34D9;
				INFOPLIST_FILE = MultipleStoryboards/Info.plist;
				LD_RUNPATH_SEARCH_PATHS = (
					"$(inherited)",
					"@executable_path/Frameworks",
				);
				PRODUCT_BUNDLE_IDENTIFIER = TNT.MultipleStoryboards;
				PRODUCT_NAME = "$(TARGET_NAME)";
				SWIFT_VERSION = 5.0;
				TARGETED_DEVICE_FAMILY = "1,2";
			};
			name = Debug;
		};
		C2B6FEDD22E668B30085D7A3 /* Release */ = {
			isa = XCBuildConfiguration;
			buildSettings = {
				ASSETCATALOG_COMPILER_APPICON_NAME = AppIcon;
				CODE_SIGN_STYLE = Automatic;
				DEVELOPMENT_TEAM = 9NWR9C34D9;
				INFOPLIST_FILE = MultipleStoryboards/Info.plist;
				LD_RUNPATH_SEARCH_PATHS = (
					"$(inherited)",
					"@executable_path/Frameworks",
				);
				PRODUCT_BUNDLE_IDENTIFIER = TNT.MultipleStoryboards;
				PRODUCT_NAME = "$(TARGET_NAME)";
				SWIFT_VERSION = 5.0;
				TARGETED_DEVICE_FAMILY = "1,2";
			};
			name = Release;
		};
		C2B6FEDF22E668B30085D7A3 /* Debug */ = {
			isa = XCBuildConfiguration;
			buildSettings = {
				ALWAYS_EMBED_SWIFT_STANDARD_LIBRARIES = YES;
				BUNDLE_LOADER = "$(TEST_HOST)";
				CODE_SIGN_STYLE = Automatic;
				DEVELOPMENT_TEAM = 9NWR9C34D9;
				INFOPLIST_FILE = MultipleStoryboardsTests/Info.plist;
				LD_RUNPATH_SEARCH_PATHS = (
					"$(inherited)",
					"@executable_path/Frameworks",
					"@loader_path/Frameworks",
				);
				PRODUCT_BUNDLE_IDENTIFIER = TNT.MultipleStoryboardsTests;
				PRODUCT_NAME = "$(TARGET_NAME)";
				SWIFT_VERSION = 5.0;
				TARGETED_DEVICE_FAMILY = "1,2";
				TEST_HOST = "$(BUILT_PRODUCTS_DIR)/MultipleStoryboards.app/MultipleStoryboards";
			};
			name = Debug;
		};
		C2B6FEE022E668B30085D7A3 /* Release */ = {
			isa = XCBuildConfiguration;
			buildSettings = {
				ALWAYS_EMBED_SWIFT_STANDARD_LIBRARIES = YES;
				BUNDLE_LOADER = "$(TEST_HOST)";
				CODE_SIGN_STYLE = Automatic;
				DEVELOPMENT_TEAM = 9NWR9C34D9;
				INFOPLIST_FILE = MultipleStoryboardsTests/Info.plist;
				LD_RUNPATH_SEARCH_PATHS = (
					"$(inherited)",
					"@executable_path/Frameworks",
					"@loader_path/Frameworks",
				);
				PRODUCT_BUNDLE_IDENTIFIER = TNT.MultipleStoryboardsTests;
				PRODUCT_NAME = "$(TARGET_NAME)";
				SWIFT_VERSION = 5.0;
				TARGETED_DEVICE_FAMILY = "1,2";
				TEST_HOST = "$(BUILT_PRODUCTS_DIR)/MultipleStoryboards.app/MultipleStoryboards";
			};
			name = Release;
		};
		C2B6FEE222E668B30085D7A3 /* Debug */ = {
			isa = XCBuildConfiguration;
			buildSettings = {
				ALWAYS_EMBED_SWIFT_STANDARD_LIBRARIES = YES;
				CODE_SIGN_STYLE = Automatic;
				DEVELOPMENT_TEAM = 9NWR9C34D9;
				INFOPLIST_FILE = MultipleStoryboardsUITests/Info.plist;
				LD_RUNPATH_SEARCH_PATHS = (
					"$(inherited)",
					"@executable_path/Frameworks",
					"@loader_path/Frameworks",
				);
				PRODUCT_BUNDLE_IDENTIFIER = TNT.MultipleStoryboardsUITests;
				PRODUCT_NAME = "$(TARGET_NAME)";
				SWIFT_VERSION = 5.0;
				TARGETED_DEVICE_FAMILY = "1,2";
				TEST_TARGET_NAME = MultipleStoryboards;
			};
			name = Debug;
		};
		C2B6FEE322E668B30085D7A3 /* Release */ = {
			isa = XCBuildConfiguration;
			buildSettings = {
				ALWAYS_EMBED_SWIFT_STANDARD_LIBRARIES = YES;
				CODE_SIGN_STYLE = Automatic;
				DEVELOPMENT_TEAM = 9NWR9C34D9;
				INFOPLIST_FILE = MultipleStoryboardsUITests/Info.plist;
				LD_RUNPATH_SEARCH_PATHS = (
					"$(inherited)",
					"@executable_path/Frameworks",
					"@loader_path/Frameworks",
				);
				PRODUCT_BUNDLE_IDENTIFIER = TNT.MultipleStoryboardsUITests;
				PRODUCT_NAME = "$(TARGET_NAME)";
				SWIFT_VERSION = 5.0;
				TARGETED_DEVICE_FAMILY = "1,2";
				TEST_TARGET_NAME = MultipleStoryboards;
			};
			name = Release;
		};
/* End XCBuildConfiguration section */

/* Begin XCConfigurationList section */
		C2B6FEAE22E668B10085D7A3 /* Build configuration list for PBXProject "MultipleStoryboards" */ = {
			isa = XCConfigurationList;
			buildConfigurations = (
				C2B6FED922E668B30085D7A3 /* Debug */,
				C2B6FEDA22E668B30085D7A3 /* Release */,
			);
			defaultConfigurationIsVisible = 0;
			defaultConfigurationName = Release;
		};
		C2B6FEDB22E668B30085D7A3 /* Build configuration list for PBXNativeTarget "MultipleStoryboards" */ = {
			isa = XCConfigurationList;
			buildConfigurations = (
				C2B6FEDC22E668B30085D7A3 /* Debug */,
				C2B6FEDD22E668B30085D7A3 /* Release */,
			);
			defaultConfigurationIsVisible = 0;
			defaultConfigurationName = Release;
		};
		C2B6FEDE22E668B30085D7A3 /* Build configuration list for PBXNativeTarget "MultipleStoryboardsTests" */ = {
			isa = XCConfigurationList;
			buildConfigurations = (
				C2B6FEDF22E668B30085D7A3 /* Debug */,
				C2B6FEE022E668B30085D7A3 /* Release */,
			);
			defaultConfigurationIsVisible = 0;
			defaultConfigurationName = Release;
		};
		C2B6FEE122E668B30085D7A3 /* Build configuration list for PBXNativeTarget "MultipleStoryboardsUITests" */ = {
			isa = XCConfigurationList;
			buildConfigurations = (
				C2B6FEE222E668B30085D7A3 /* Debug */,
				C2B6FEE322E668B30085D7A3 /* Release */,
			);
			defaultConfigurationIsVisible = 0;
			defaultConfigurationName = Release;
		};
/* End XCConfigurationList section */
	};
	rootObject = C2B6FEAB22E668B10085D7A3 /* Project object */;
}
